{
    "version": 3,
    "terraform_version": "0.11.7",
    "serial": 4,
    "lineage": "69ce52e8-f0e1-b112-ad47-eb885bba530c",
    "modules": [
        {
            "path": [
                "root"
            ],
            "outputs": {
                "config-map-aws-auth": {
                    "sensitive": false,
                    "type": "string",
                    "value": "apiVersion: v1\nkind: ConfigMap\nmetadata:\nname: aws-auth\nnamespace: kube-system\ndata:\nmapRoles: |\n- rolearn: arn:aws:iam::105987315436:role/eks-cluster-node\n  username: system:node:{{EC2PrivateDNSName}}\n  groups:\n    - system:bootstrappers\n    - system:nodes\n"
                },
                "kubeconfig": {
                    "sensitive": false,
                    "type": "string",
                    "value": "apiVersion: v1\nclusters:\n- cluster:\n    server: https://B0D2CC299B8A4318A97870DC6749C581.yl4.us-west-2.eks.amazonaws.com\n    certificate-authority-data: LS0tLS1CRUdJTiBDRVJUSUZJQ0FURS0tLS0tCk1JSUN5RENDQWJDZ0F3SUJBZ0lCQURBTkJna3Foa2lHOXcwQkFRc0ZBREFWTVJNd0VRWURWUVFERXdwcmRXSmwKY201bGRHVnpNQjRYRFRFNE1EZ3dNVEUyTkRjME5Wb1hEVEk0TURjeU9URTJORGMwTlZvd0ZURVRNQkVHQTFVRQpBeE1LYTNWaVpYSnVaWFJsY3pDQ0FTSXdEUVlKS29aSWh2Y05BUUVCQlFBRGdnRVBBRENDQVFvQ2dnRUJBTGV4CkpqWXVwaSs0TG5LS3owZ01vY1hwWGJSTTVxTzVGZG1IRE5leUJaa0w0OXJkdGlIVmFveU9GWHl0UXhtTStRSm0KcFVMSlVrVXVaYkR1SHVjc2wwbzg2UEx1dUIvS1RCcUVCOUtXbThnMnNOS2dNazJQZ2hGcWFJdVJ4OEJCMVRIcgpISXNhMU1JZkpsbmt4cCs1cFVQYXREUkRXTDYydDJZaGFGb3E4S1ZoOHdTYWhSeWtBblVmd2NDZ0JjcU5HQkptClNpd3dza3FzOXdybGhLSHBXYVp4SURuWmtYTUJNYVJnK0hZT21GcUJYakVQWFZ5c2NzcGZ5NWhQa1Q0Z2ZHV0YKMTVXQlBMdWZCM0xYajR0eWQ3NWhueGUzRE9rMWttQ2RRWDQ3RGtjbHFDY3cwN3F1Y0JSMEhVWGVBTE5sb0NlMQpyc05EVzJKcHFhVlVNdmJRNnowQ0F3RUFBYU1qTUNFd0RnWURWUjBQQVFIL0JBUURBZ0trTUE4R0ExVWRFd0VCCi93UUZNQU1CQWY4d0RRWUpLb1pJaHZjTkFRRUxCUUFEZ2dFQkFHdytKc0dBWXkvQTZtV3hpWW1BTisvSC96MnoKd2V4U2RQSHpmeFJqUWV5NzVyYzVGMGpFdDhMWTVQWUZFcXN5RFZ0ZFVWRmt3UThLdXJYN3FjUklLL0l3VkdCVQpVK0UzeTkveGFjTmR0SWVGUW5zVURPUSsxd1pLa3BxS0VzTkY4SjB0VFUvS3JSRUhROUR0S000VjlQRmhCNVVJCmpxY29IaExFc2M3cllxWm8zNXVQbDRUZXR5ZUVPTlJ5VFhmR1VlcHF0SmVrN1daVmttMnphMEd0bHFaaE1IRHcKVGNMYlRwelRRd2NhazROeGtIeElvSHY2VWdQN1AvRmlxdzl0TlB5S0NrV09KcVF0dFpWR3lnbUE1VDRUb0pxYQpjNXdtK2tDT3pNc3U5Y0xYa1dUZVVDdkVoTVhHU2xjUzFkZkRQQk1NeEcyNzNrUktmNzQvUkJnRDA5bz0KLS0tLS1FTkQgQ0VSVElGSUNBVEUtLS0tLQo=\n  name: kubernetes\ncontexts:\n- context:\n    cluster: kubernetes\n    user: aws\n  name: aws\ncurrent-context: aws\nkind: Config\npreferences: {}\nusers:\n- name: aws\n  user:\n    exec:\n      apiVersion: client.authentication.k8s.io/v1alpha1\n      command: aws-iam-authenticator\n      args:\n        - \"token\"\n        - \"-i\"\n        - \"eks-cluster\"\n"
                }
            },
            "resources": {
                "aws_autoscaling_group.cluster": {
                    "type": "aws_autoscaling_group",
                    "depends_on": [
                        "aws_launch_configuration.cluster",
                        "aws_subnet.cluster.*"
                    ],
                    "primary": {
                        "id": "eks-cluster",
                        "attributes": {
                            "arn": "arn:aws:autoscaling:us-west-2:105987315436:autoScalingGroup:f36e070b-c2ea-45d5-b722-b7a9c694255a:autoScalingGroupName/eks-cluster",
                            "availability_zones.#": "2",
                            "availability_zones.221770259": "us-west-2b",
                            "availability_zones.2487133097": "us-west-2a",
                            "default_cooldown": "300",
                            "desired_capacity": "0",
                            "enabled_metrics.#": "0",
                            "force_delete": "false",
                            "health_check_grace_period": "300",
                            "health_check_type": "EC2",
                            "id": "eks-cluster",
                            "launch_configuration": "node20180801165300315500000001",
                            "launch_template.#": "0",
                            "load_balancers.#": "0",
                            "max_size": "0",
                            "metrics_granularity": "1Minute",
                            "min_size": "0",
                            "name": "eks-cluster",
                            "placement_group": "",
                            "protect_from_scale_in": "false",
                            "service_linked_role_arn": "arn:aws:iam::105987315436:role/aws-service-role/autoscaling.amazonaws.com/AWSServiceRoleForAutoScaling",
                            "suspended_processes.#": "0",
                            "tag.#": "2",
                            "tag.1412886892.key": "kubernetes.io/cluster/eks-cluster",
                            "tag.1412886892.propagate_at_launch": "true",
                            "tag.1412886892.value": "owned",
                            "tag.2232864248.key": "Name",
                            "tag.2232864248.propagate_at_launch": "true",
                            "tag.2232864248.value": "eks-cluster",
                            "target_group_arns.#": "0",
                            "termination_policies.#": "0",
                            "vpc_zone_identifier.#": "2",
                            "vpc_zone_identifier.2635209747": "subnet-02fdeaed9389cec4d",
                            "vpc_zone_identifier.3948925493": "subnet-0bad55d654654bf9d",
                            "wait_for_capacity_timeout": "10m"
                        },
                        "meta": {
                            "e2bfb730-ecaa-11e6-8f88-34363bc7c4c0": {
                                "delete": 600000000000
                            }
                        },
                        "tainted": false
                    },
                    "deposed": [],
                    "provider": "provider.aws"
                },
                "aws_eks_cluster.cluster": {
                    "type": "aws_eks_cluster",
                    "depends_on": [
                        "aws_iam_role.cluster",
                        "aws_iam_role_policy_attachment.clusterpolicy",
                        "aws_iam_role_policy_attachment.servicepolicy",
                        "aws_security_group.cluster-master",
                        "aws_subnet.cluster.*"
                    ],
                    "primary": {
                        "id": "eks-cluster",
                        "attributes": {
                            "arn": "arn:aws:eks:us-west-2:105987315436:cluster/eks-cluster",
                            "certificate_authority.#": "1",
                            "certificate_authority.0.data": "LS0tLS1CRUdJTiBDRVJUSUZJQ0FURS0tLS0tCk1JSUN5RENDQWJDZ0F3SUJBZ0lCQURBTkJna3Foa2lHOXcwQkFRc0ZBREFWTVJNd0VRWURWUVFERXdwcmRXSmwKY201bGRHVnpNQjRYRFRFNE1EZ3dNVEUyTkRjME5Wb1hEVEk0TURjeU9URTJORGMwTlZvd0ZURVRNQkVHQTFVRQpBeE1LYTNWaVpYSnVaWFJsY3pDQ0FTSXdEUVlKS29aSWh2Y05BUUVCQlFBRGdnRVBBRENDQVFvQ2dnRUJBTGV4CkpqWXVwaSs0TG5LS3owZ01vY1hwWGJSTTVxTzVGZG1IRE5leUJaa0w0OXJkdGlIVmFveU9GWHl0UXhtTStRSm0KcFVMSlVrVXVaYkR1SHVjc2wwbzg2UEx1dUIvS1RCcUVCOUtXbThnMnNOS2dNazJQZ2hGcWFJdVJ4OEJCMVRIcgpISXNhMU1JZkpsbmt4cCs1cFVQYXREUkRXTDYydDJZaGFGb3E4S1ZoOHdTYWhSeWtBblVmd2NDZ0JjcU5HQkptClNpd3dza3FzOXdybGhLSHBXYVp4SURuWmtYTUJNYVJnK0hZT21GcUJYakVQWFZ5c2NzcGZ5NWhQa1Q0Z2ZHV0YKMTVXQlBMdWZCM0xYajR0eWQ3NWhueGUzRE9rMWttQ2RRWDQ3RGtjbHFDY3cwN3F1Y0JSMEhVWGVBTE5sb0NlMQpyc05EVzJKcHFhVlVNdmJRNnowQ0F3RUFBYU1qTUNFd0RnWURWUjBQQVFIL0JBUURBZ0trTUE4R0ExVWRFd0VCCi93UUZNQU1CQWY4d0RRWUpLb1pJaHZjTkFRRUxCUUFEZ2dFQkFHdytKc0dBWXkvQTZtV3hpWW1BTisvSC96MnoKd2V4U2RQSHpmeFJqUWV5NzVyYzVGMGpFdDhMWTVQWUZFcXN5RFZ0ZFVWRmt3UThLdXJYN3FjUklLL0l3VkdCVQpVK0UzeTkveGFjTmR0SWVGUW5zVURPUSsxd1pLa3BxS0VzTkY4SjB0VFUvS3JSRUhROUR0S000VjlQRmhCNVVJCmpxY29IaExFc2M3cllxWm8zNXVQbDRUZXR5ZUVPTlJ5VFhmR1VlcHF0SmVrN1daVmttMnphMEd0bHFaaE1IRHcKVGNMYlRwelRRd2NhazROeGtIeElvSHY2VWdQN1AvRmlxdzl0TlB5S0NrV09KcVF0dFpWR3lnbUE1VDRUb0pxYQpjNXdtK2tDT3pNc3U5Y0xYa1dUZVVDdkVoTVhHU2xjUzFkZkRQQk1NeEcyNzNrUktmNzQvUkJnRDA5bz0KLS0tLS1FTkQgQ0VSVElGSUNBVEUtLS0tLQo=",
                            "created_at": "2018-08-01 16:39:34 +0000 UTC",
                            "endpoint": "https://B0D2CC299B8A4318A97870DC6749C581.yl4.us-west-2.eks.amazonaws.com",
                            "id": "eks-cluster",
                            "name": "eks-cluster",
                            "role_arn": "arn:aws:iam::105987315436:role/eks-cluster-master",
                            "version": "1.10",
                            "vpc_config.#": "1",
                            "vpc_config.0.security_group_ids.#": "1",
                            "vpc_config.0.security_group_ids.3342399866": "sg-028f8c00acfa2da1f",
                            "vpc_config.0.subnet_ids.#": "2",
                            "vpc_config.0.subnet_ids.3878311275": "subnet-02fdeaed9389cec4d",
                            "vpc_config.0.subnet_ids.894541144": "subnet-0bad55d654654bf9d",
                            "vpc_config.0.vpc_id": "vpc-0fe40320d7f9713c2"
                        },
                        "meta": {
                            "e2bfb730-ecaa-11e6-8f88-34363bc7c4c0": {
                                "create": 900000000000,
                                "delete": 900000000000
                            }
                        },
                        "tainted": false
                    },
                    "deposed": [],
                    "provider": "provider.aws"
                },
                "aws_iam_instance_profile.node": {
                    "type": "aws_iam_instance_profile",
                    "depends_on": [
                        "aws_iam_role.node"
                    ],
                    "primary": {
                        "id": "eks-cluster-profile",
                        "attributes": {
                            "arn": "arn:aws:iam::105987315436:instance-profile/eks-cluster-profile",
                            "create_date": "2018-08-01T16:39:21Z",
                            "id": "eks-cluster-profile",
                            "name": "eks-cluster-profile",
                            "path": "/",
                            "role": "eks-cluster-node",
                            "roles.#": "1",
                            "roles.2808988169": "eks-cluster-node",
                            "unique_id": "AIPAJAH7OHFFH63ALZ3GC"
                        },
                        "meta": {},
                        "tainted": false
                    },
                    "deposed": [],
                    "provider": "provider.aws"
                },
                "aws_iam_role.cluster": {
                    "type": "aws_iam_role",
                    "depends_on": [
                        "data.aws_iam_policy_document.cluster-policy"
                    ],
                    "primary": {
                        "id": "eks-cluster-master",
                        "attributes": {
                            "arn": "arn:aws:iam::105987315436:role/eks-cluster-master",
                            "assume_role_policy": "{\"Version\":\"2012-10-17\",\"Statement\":[{\"Sid\":\"\",\"Effect\":\"Allow\",\"Principal\":{\"Service\":\"eks.amazonaws.com\"},\"Action\":\"sts:AssumeRole\"}]}",
                            "create_date": "2018-08-01T16:39:20Z",
                            "force_detach_policies": "false",
                            "id": "eks-cluster-master",
                            "max_session_duration": "3600",
                            "name": "eks-cluster-master",
                            "path": "/",
                            "unique_id": "AROAIP5MOHE2LZEEQQZE2"
                        },
                        "meta": {},
                        "tainted": false
                    },
                    "deposed": [],
                    "provider": "provider.aws"
                },
                "aws_iam_role.node": {
                    "type": "aws_iam_role",
                    "depends_on": [
                        "data.aws_iam_policy_document.node-policy"
                    ],
                    "primary": {
                        "id": "eks-cluster-node",
                        "attributes": {
                            "arn": "arn:aws:iam::105987315436:role/eks-cluster-node",
                            "assume_role_policy": "{\"Version\":\"2012-10-17\",\"Statement\":[{\"Sid\":\"\",\"Effect\":\"Allow\",\"Principal\":{\"Service\":\"ec2.amazonaws.com\"},\"Action\":\"sts:AssumeRole\"}]}",
                            "create_date": "2018-08-01T16:39:20Z",
                            "force_detach_policies": "false",
                            "id": "eks-cluster-node",
                            "max_session_duration": "3600",
                            "name": "eks-cluster-node",
                            "path": "/",
                            "unique_id": "AROAJ5CP6QIHI2PTN6EHG"
                        },
                        "meta": {},
                        "tainted": false
                    },
                    "deposed": [],
                    "provider": "provider.aws"
                },
                "aws_iam_role_policy_attachment.3access": {
                    "type": "aws_iam_role_policy_attachment",
                    "depends_on": [
                        "aws_iam_role.node"
                    ],
                    "primary": {
                        "id": "eks-cluster-node-20180801163921380700000005",
                        "attributes": {
                            "id": "eks-cluster-node-20180801163921380700000005",
                            "policy_arn": "arn:aws:iam::aws:policy/AmazonS3FullAccess",
                            "role": "eks-cluster-node"
                        },
                        "meta": {},
                        "tainted": false
                    },
                    "deposed": [],
                    "provider": "provider.aws"
                },
                "aws_iam_role_policy_attachment.clusterpolicy": {
                    "type": "aws_iam_role_policy_attachment",
                    "depends_on": [
                        "aws_iam_role.cluster"
                    ],
                    "primary": {
                        "id": "eks-cluster-master-20180801163921383400000006",
                        "attributes": {
                            "id": "eks-cluster-master-20180801163921383400000006",
                            "policy_arn": "arn:aws:iam::aws:policy/AmazonEKSClusterPolicy",
                            "role": "eks-cluster-master"
                        },
                        "meta": {},
                        "tainted": false
                    },
                    "deposed": [],
                    "provider": "provider.aws"
                },
                "aws_iam_role_policy_attachment.cnipolicy": {
                    "type": "aws_iam_role_policy_attachment",
                    "depends_on": [
                        "aws_iam_role.node"
                    ],
                    "primary": {
                        "id": "eks-cluster-node-20180801163921380100000003",
                        "attributes": {
                            "id": "eks-cluster-node-20180801163921380100000003",
                            "policy_arn": "arn:aws:iam::aws:policy/AmazonEKS_CNI_Policy",
                            "role": "eks-cluster-node"
                        },
                        "meta": {},
                        "tainted": false
                    },
                    "deposed": [],
                    "provider": "provider.aws"
                },
                "aws_iam_role_policy_attachment.nodepolicy": {
                    "type": "aws_iam_role_policy_attachment",
                    "depends_on": [
                        "aws_iam_role.node"
                    ],
                    "primary": {
                        "id": "eks-cluster-node-20180801163921376900000002",
                        "attributes": {
                            "id": "eks-cluster-node-20180801163921376900000002",
                            "policy_arn": "arn:aws:iam::aws:policy/AmazonEKSWorkerNodePolicy",
                            "role": "eks-cluster-node"
                        },
                        "meta": {},
                        "tainted": false
                    },
                    "deposed": [],
                    "provider": "provider.aws"
                },
                "aws_iam_role_policy_attachment.registrypolicy": {
                    "type": "aws_iam_role_policy_attachment",
                    "depends_on": [
                        "aws_iam_role.node"
                    ],
                    "primary": {
                        "id": "eks-cluster-node-20180801163921380100000004",
                        "attributes": {
                            "id": "eks-cluster-node-20180801163921380100000004",
                            "policy_arn": "arn:aws:iam::aws:policy/AmazonEC2ContainerRegistryReadOnly",
                            "role": "eks-cluster-node"
                        },
                        "meta": {},
                        "tainted": false
                    },
                    "deposed": [],
                    "provider": "provider.aws"
                },
                "aws_iam_role_policy_attachment.servicepolicy": {
                    "type": "aws_iam_role_policy_attachment",
                    "depends_on": [
                        "aws_iam_role.cluster"
                    ],
                    "primary": {
                        "id": "eks-cluster-master-20180801163921371600000001",
                        "attributes": {
                            "id": "eks-cluster-master-20180801163921371600000001",
                            "policy_arn": "arn:aws:iam::aws:policy/AmazonEKSServicePolicy",
                            "role": "eks-cluster-master"
                        },
                        "meta": {},
                        "tainted": false
                    },
                    "deposed": [],
                    "provider": "provider.aws"
                },
                "aws_internet_gateway.cluster": {
                    "type": "aws_internet_gateway",
                    "depends_on": [
                        "aws_vpc.cluster"
                    ],
                    "primary": {
                        "id": "igw-01a84c416214e80ef",
                        "attributes": {
                            "id": "igw-01a84c416214e80ef",
                            "tags.%": "1",
                            "tags.Name": "eks-cluster",
                            "vpc_id": "vpc-0fe40320d7f9713c2"
                        },
                        "meta": {},
                        "tainted": false
                    },
                    "deposed": [],
                    "provider": "provider.aws"
                },
                "aws_launch_configuration.cluster": {
                    "type": "aws_launch_configuration",
                    "depends_on": [],
                    "primary": {
                        "id": "node20180801165300315500000001",
                        "attributes": {
                            "associate_public_ip_address": "true",
                            "ebs_block_device.#": "0",
                            "ebs_optimized": "false",
                            "enable_monitoring": "true",
                            "ephemeral_block_device.#": "0",
                            "iam_instance_profile": "eks-cluster-profile",
                            "id": "node20180801165300315500000001",
                            "image_id": "ami-73a6e20b",
                            "instance_type": "m5.2xlarge",
                            "key_name": "",
                            "name": "node20180801165300315500000001",
                            "name_prefix": "node",
                            "root_block_device.#": "0",
                            "security_groups.#": "1",
                            "security_groups.3373029013": "sg-0f6e3b37790451e99",
                            "spot_price": "",
                            "user_data_base64": "IyEvYmluL2Jhc2ggLXhlCkNBX0NFUlRJRklDQVRFX0RJUkVDVE9SWT0vZXRjL2t1YmVybmV0ZXMvcGtpCkNBX0NFUlRJRklDQVRFX0ZJTEVfUEFUSD0kQ0FfQ0VSVElGSUNBVEVfRElSRUNUT1JZL2NhLmNydApta2RpciAtcCAkQ0FfQ0VSVElGSUNBVEVfRElSRUNUT1JZCmVjaG8gIkxTMHRMUzFDUlVkSlRpQkRSVkpVU1VaSlEwRlVSUzB0TFMwdENrMUpTVU41UkVORFFXSkRaMEYzU1VKQlowbENRVVJCVGtKbmEzRm9hMmxIT1hjd1FrRlJjMFpCUkVGV1RWSk5kMFZSV1VSV1VWRkVSWGR3Y21SWFNtd0tZMjAxYkdSSFZucE5RalJZUkZSRk5FMUVaM2ROVkVVeVRrUmpNRTVXYjFoRVZFazBUVVJqZVU5VVJUSk9SR013VGxadmQwWlVSVlJOUWtWSFFURlZSUXBCZUUxTFlUTldhVnBZU25WYVdGSnNZM3BEUTBGVFNYZEVVVmxLUzI5YVNXaDJZMDVCVVVWQ1FsRkJSR2RuUlZCQlJFTkRRVkZ2UTJkblJVSkJUR1Y0Q2twcVdYVndhU3MwVEc1TFMzb3daMDF2WTFod1dHSlNUVFZ4VHpWR1pHMUlSRTVsZVVKYWEwdzBPWEprZEdsSVZtRnZlVTlHV0hsMFVYaHRUU3RSU20wS2NGVk1TbFZyVlhWYVlrUjFTSFZqYzJ3d2J6ZzJVRXgxZFVJdlMxUkNjVVZDT1V0WGJUaG5Nbk5PUzJkTmF6SlFaMmhHY1dGSmRWSjRPRUpDTVZSSWNncElTWE5oTVUxSlprcHNibXQ0Y0NzMWNGVlFZWFJFVWtSWFREWXlkREpaYUdGR2IzRTRTMVpvT0hkVFlXaFNlV3RCYmxWbWQyTkRaMEpqY1U1SFFrcHRDbE5wZDNkemEzRnpPWGR5YkdoTFNIQlhZVnA0U1VSdVdtdFlUVUpOWVZKbkswaFpUMjFHY1VKWWFrVlFXRlo1YzJOemNHWjVOV2hRYTFRMFoyWkhWMFlLTVRWWFFsQk1kV1pDTTB4WWFqUjBlV1EzTldodWVHVXpSRTlyTVd0dFEyUlJXRFEzUkd0amJIRkRZM2N3TjNGMVkwSlNNRWhWV0dWQlRFNXNiME5sTVFweWMwNUVWekpLY0hGaFZsVk5kbUpSTm5vd1EwRjNSVUZCWVUxcVRVTkZkMFJuV1VSV1VqQlFRVkZJTDBKQlVVUkJaMHRyVFVFNFIwRXhWV1JGZDBWQ0NpOTNVVVpOUVUxQ1FXWTRkMFJSV1VwTGIxcEphSFpqVGtGUlJVeENVVUZFWjJkRlFrRkhkeXRLYzBkQldYa3ZRVFp0VjNocFdXMUJUaXN2U0M5Nk1ub0tkMlY0VTJSUVNIcG1lRkpxVVdWNU56VnlZelZHTUdwRmREaE1XVFZRV1VaRmNYTjVSRlowWkZWV1JtdDNVVGhMZFhKWU4zRmpVa2xMTDBsM1ZrZENWUXBWSzBVemVUa3ZlR0ZqVG1SMFNXVkdVVzV6VlVSUFVTc3hkMXBMYTNCeFMwVnpUa1k0U2pCMFZGVXZTM0pTUlVoUk9VUjBTMDAwVmpsUVJtaENOVlZKQ21weFkyOUlhRXhGYzJNM2NsbHhXbTh6TlhWUWJEUlVaWFI1WlVWUFRsSjVWRmhtUjFWbGNIRjBTbVZyTjFkYVZtdHRNbnBoTUVkMGJIRmFhRTFJUkhjS1ZHTk1ZbFJ3ZWxSUmQyTmhhelJPZUd0SWVFbHZTSFkyVldkUU4xQXZSbWx4ZHpsMFRsQjVTME5yVjA5S2NWRjBkRnBXUjNsbmJVRTFWRFJVYjBweFlRcGpOWGR0SzJ0RFQzcE5jM1U1WTB4WWExZFVaVlZEZGtWb1RWaEhVMnhqVXpGa1prUlFRazFOZUVjeU56TnJVa3RtTnpRdlVrSm5SREE1YnowS0xTMHRMUzFGVGtRZ1EwVlNWRWxHU1VOQlZFVXRMUzB0TFFvPSIgfCBiYXNlNjQgLWQgPiAgJENBX0NFUlRJRklDQVRFX0ZJTEVfUEFUSApJTlRFUk5BTF9JUD0kKGN1cmwgLXMgaHR0cDovLzE2OS4yNTQuMTY5LjI1NC9sYXRlc3QvbWV0YS1kYXRhL2xvY2FsLWlwdjQpCnNlZCAtaSBzLE1BU1RFUl9FTkRQT0lOVCxodHRwczovL0IwRDJDQzI5OUI4QTQzMThBOTc4NzBEQzY3NDlDNTgxLnlsNC51cy13ZXN0LTIuZWtzLmFtYXpvbmF3cy5jb20sZyAvdmFyL2xpYi9rdWJlbGV0L2t1YmVjb25maWcKc2VkIC1pIHMsQ0xVU1RFUl9OQU1FLGVrcy1jbHVzdGVyLGcgL3Zhci9saWIva3ViZWxldC9rdWJlY29uZmlnCnNlZCAtaSBzLFJFR0lPTix1cy13ZXN0LTIsZyAvZXRjL3N5c3RlbWQvc3lzdGVtL2t1YmVsZXQuc2VydmljZQpzZWQgLWkgcyxNQVhfUE9EUywyMCxnIC9ldGMvc3lzdGVtZC9zeXN0ZW0va3ViZWxldC5zZXJ2aWNlCnNlZCAtaSBzLE1BU1RFUl9FTkRQT0lOVCxodHRwczovL0IwRDJDQzI5OUI4QTQzMThBOTc4NzBEQzY3NDlDNTgxLnlsNC51cy13ZXN0LTIuZWtzLmFtYXpvbmF3cy5jb20sZyAvZXRjL3N5c3RlbWQvc3lzdGVtL2t1YmVsZXQuc2VydmljZQpzZWQgLWkgcyxJTlRFUk5BTF9JUCwkSU5URVJOQUxfSVAsZyAvZXRjL3N5c3RlbWQvc3lzdGVtL2t1YmVsZXQuc2VydmljZQpETlNfQ0xVU1RFUl9JUD0xMC4xMDAuMC4xMAppZiBbWyAkSU5URVJOQUxfSVAgPT0gMTAuKiBdXSA7IHRoZW4gRE5TX0NMVVNURVJfSVA9MTcyLjIwLjAuMTA7IGZpCnNlZCAtaSBzLEROU19DTFVTVEVSX0lQLCRETlNfQ0xVU1RFUl9JUCxnIC9ldGMvc3lzdGVtZC9zeXN0ZW0va3ViZWxldC5zZXJ2aWNlCnNlZCAtaSBzLENFUlRJRklDQVRFX0FVVEhPUklUWV9GSUxFLCRDQV9DRVJUSUZJQ0FURV9GSUxFX1BBVEgsZyAvdmFyL2xpYi9rdWJlbGV0L2t1YmVjb25maWcKc2VkIC1pIHMsQ0xJRU5UX0NBX0ZJTEUsJENBX0NFUlRJRklDQVRFX0ZJTEVfUEFUSCxnICAvZXRjL3N5c3RlbWQvc3lzdGVtL2t1YmVsZXQuc2VydmljZQpzeXN0ZW1jdGwgZGFlbW9uLXJlbG9hZApzeXN0ZW1jdGwgcmVzdGFydCBrdWJlbGV0Cg==",
                            "vpc_classic_link_id": "",
                            "vpc_classic_link_security_groups.#": "0"
                        },
                        "meta": {},
                        "tainted": false
                    },
                    "deposed": [],
                    "provider": "provider.aws"
                },
                "aws_route_table.cluster": {
                    "type": "aws_route_table",
                    "depends_on": [
                        "aws_internet_gateway.cluster",
                        "aws_vpc.cluster"
                    ],
                    "primary": {
                        "id": "rtb-0a61041e637ac3598",
                        "attributes": {
                            "id": "rtb-0a61041e637ac3598",
                            "propagating_vgws.#": "0",
                            "route.#": "1",
                            "route.3264424934.cidr_block": "0.0.0.0/0",
                            "route.3264424934.egress_only_gateway_id": "",
                            "route.3264424934.gateway_id": "igw-01a84c416214e80ef",
                            "route.3264424934.instance_id": "",
                            "route.3264424934.ipv6_cidr_block": "",
                            "route.3264424934.nat_gateway_id": "",
                            "route.3264424934.network_interface_id": "",
                            "route.3264424934.vpc_peering_connection_id": "",
                            "tags.%": "0",
                            "vpc_id": "vpc-0fe40320d7f9713c2"
                        },
                        "meta": {},
                        "tainted": false
                    },
                    "deposed": [],
                    "provider": "provider.aws"
                },
                "aws_route_table_association.cluster.0": {
                    "type": "aws_route_table_association",
                    "depends_on": [
                        "aws_route_table.cluster",
                        "aws_subnet.cluster.*"
                    ],
                    "primary": {
                        "id": "rtbassoc-0547172d5faf4a1ef",
                        "attributes": {
                            "id": "rtbassoc-0547172d5faf4a1ef",
                            "route_table_id": "rtb-0a61041e637ac3598",
                            "subnet_id": "subnet-0bad55d654654bf9d"
                        },
                        "meta": {},
                        "tainted": false
                    },
                    "deposed": [],
                    "provider": "provider.aws"
                },
                "aws_route_table_association.cluster.1": {
                    "type": "aws_route_table_association",
                    "depends_on": [
                        "aws_route_table.cluster",
                        "aws_subnet.cluster.*"
                    ],
                    "primary": {
                        "id": "rtbassoc-0ec5cfe7c314133e6",
                        "attributes": {
                            "id": "rtbassoc-0ec5cfe7c314133e6",
                            "route_table_id": "rtb-0a61041e637ac3598",
                            "subnet_id": "subnet-02fdeaed9389cec4d"
                        },
                        "meta": {},
                        "tainted": false
                    },
                    "deposed": [],
                    "provider": "provider.aws"
                },
                "aws_security_group.cluster-master": {
                    "type": "aws_security_group",
                    "depends_on": [
                        "aws_vpc.cluster"
                    ],
                    "primary": {
                        "id": "sg-028f8c00acfa2da1f",
                        "attributes": {
                            "arn": "arn:aws:ec2:us-west-2:105987315436:security-group/sg-028f8c00acfa2da1f",
                            "description": "Cluster communication with worker nodes",
                            "egress.#": "1",
                            "egress.482069346.cidr_blocks.#": "1",
                            "egress.482069346.cidr_blocks.0": "0.0.0.0/0",
                            "egress.482069346.description": "",
                            "egress.482069346.from_port": "0",
                            "egress.482069346.ipv6_cidr_blocks.#": "0",
                            "egress.482069346.prefix_list_ids.#": "0",
                            "egress.482069346.protocol": "-1",
                            "egress.482069346.security_groups.#": "0",
                            "egress.482069346.self": "false",
                            "egress.482069346.to_port": "0",
                            "id": "sg-028f8c00acfa2da1f",
                            "ingress.#": "2",
                            "ingress.1211425675.cidr_blocks.#": "1",
                            "ingress.1211425675.cidr_blocks.0": "205.175.106.228/32",
                            "ingress.1211425675.description": "Allow workstation to communicate with the cluster API Server",
                            "ingress.1211425675.from_port": "443",
                            "ingress.1211425675.ipv6_cidr_blocks.#": "0",
                            "ingress.1211425675.protocol": "tcp",
                            "ingress.1211425675.security_groups.#": "0",
                            "ingress.1211425675.self": "false",
                            "ingress.1211425675.to_port": "443",
                            "ingress.94973179.cidr_blocks.#": "0",
                            "ingress.94973179.description": "Allow pods to communicate with the cluster API Server",
                            "ingress.94973179.from_port": "443",
                            "ingress.94973179.ipv6_cidr_blocks.#": "0",
                            "ingress.94973179.protocol": "tcp",
                            "ingress.94973179.security_groups.#": "1",
                            "ingress.94973179.security_groups.3373029013": "sg-0f6e3b37790451e99",
                            "ingress.94973179.self": "false",
                            "ingress.94973179.to_port": "443",
                            "name": "eks-cluster-master",
                            "owner_id": "105987315436",
                            "revoke_rules_on_delete": "false",
                            "tags.%": "1",
                            "tags.Name": "eks-cluster-master",
                            "vpc_id": "vpc-0fe40320d7f9713c2"
                        },
                        "meta": {
                            "e2bfb730-ecaa-11e6-8f88-34363bc7c4c0": {
                                "create": 600000000000,
                                "delete": 600000000000
                            },
                            "schema_version": "1"
                        },
                        "tainted": false
                    },
                    "deposed": [],
                    "provider": "provider.aws"
                },
                "aws_security_group.cluster-node": {
                    "type": "aws_security_group",
                    "depends_on": [
                        "aws_vpc.cluster"
                    ],
                    "primary": {
                        "id": "sg-0f6e3b37790451e99",
                        "attributes": {
                            "arn": "arn:aws:ec2:us-west-2:105987315436:security-group/sg-0f6e3b37790451e99",
                            "description": "Security group for all nodes in the cluster",
                            "egress.#": "1",
                            "egress.482069346.cidr_blocks.#": "1",
                            "egress.482069346.cidr_blocks.0": "0.0.0.0/0",
                            "egress.482069346.description": "",
                            "egress.482069346.from_port": "0",
                            "egress.482069346.ipv6_cidr_blocks.#": "0",
                            "egress.482069346.prefix_list_ids.#": "0",
                            "egress.482069346.protocol": "-1",
                            "egress.482069346.security_groups.#": "0",
                            "egress.482069346.self": "false",
                            "egress.482069346.to_port": "0",
                            "id": "sg-0f6e3b37790451e99",
                            "ingress.#": "3",
                            "ingress.1762276056.cidr_blocks.#": "0",
                            "ingress.1762276056.description": "",
                            "ingress.1762276056.from_port": "0",
                            "ingress.1762276056.ipv6_cidr_blocks.#": "0",
                            "ingress.1762276056.protocol": "-1",
                            "ingress.1762276056.security_groups.#": "2",
                            "ingress.1762276056.security_groups.1084494217": "sg-04fb6d540c264df9a",
                            "ingress.1762276056.security_groups.2654013109": "sg-021420d1fa7a70f2e",
                            "ingress.1762276056.self": "false",
                            "ingress.1762276056.to_port": "0",
                            "ingress.2278689831.cidr_blocks.#": "0",
                            "ingress.2278689831.description": "Allow node to communicate with each other",
                            "ingress.2278689831.from_port": "0",
                            "ingress.2278689831.ipv6_cidr_blocks.#": "0",
                            "ingress.2278689831.protocol": "-1",
                            "ingress.2278689831.security_groups.#": "0",
                            "ingress.2278689831.self": "true",
                            "ingress.2278689831.to_port": "0",
                            "ingress.47752989.cidr_blocks.#": "0",
                            "ingress.47752989.description": "Allow worker Kubelets and pods to receive communication from the cluster control plane",
                            "ingress.47752989.from_port": "1025",
                            "ingress.47752989.ipv6_cidr_blocks.#": "0",
                            "ingress.47752989.protocol": "tcp",
                            "ingress.47752989.security_groups.#": "1",
                            "ingress.47752989.security_groups.3762011750": "sg-028f8c00acfa2da1f",
                            "ingress.47752989.self": "false",
                            "ingress.47752989.to_port": "65535",
                            "name": "eks-cluster-node",
                            "owner_id": "105987315436",
                            "revoke_rules_on_delete": "false",
                            "tags.%": "2",
                            "tags.Name": "eks-cluster-node",
                            "tags.kubernetes.io/cluster/eks-cluster": "owned",
                            "vpc_id": "vpc-0fe40320d7f9713c2"
                        },
                        "meta": {
                            "e2bfb730-ecaa-11e6-8f88-34363bc7c4c0": {
                                "create": 600000000000,
                                "delete": 600000000000
                            },
                            "schema_version": "1"
                        },
                        "tainted": false
                    },
                    "deposed": [],
                    "provider": "provider.aws"
                },
                "aws_security_group_rule.cluster-master-ingress": {
                    "type": "aws_security_group_rule",
                    "depends_on": [
                        "aws_security_group.cluster-master"
                    ],
                    "primary": {
                        "id": "sgrule-2056623550",
                        "attributes": {
                            "cidr_blocks.#": "1",
                            "cidr_blocks.0": "205.175.106.228/32",
                            "description": "Allow workstation to communicate with the cluster API Server",
                            "from_port": "443",
                            "id": "sgrule-2056623550",
                            "ipv6_cidr_blocks.#": "0",
                            "prefix_list_ids.#": "0",
                            "protocol": "tcp",
                            "security_group_id": "sg-028f8c00acfa2da1f",
                            "self": "false",
                            "to_port": "443",
                            "type": "ingress"
                        },
                        "meta": {
                            "schema_version": "2"
                        },
                        "tainted": false
                    },
                    "deposed": [],
                    "provider": "provider.aws"
                },
                "aws_security_group_rule.cluster-master-ingress-node": {
                    "type": "aws_security_group_rule",
                    "depends_on": [
                        "aws_security_group.cluster-master",
                        "aws_security_group.cluster-node"
                    ],
                    "primary": {
                        "id": "sgrule-1937870429",
                        "attributes": {
                            "cidr_blocks.#": "0",
                            "description": "Allow pods to communicate with the cluster API Server",
                            "from_port": "443",
                            "id": "sgrule-1937870429",
                            "ipv6_cidr_blocks.#": "0",
                            "prefix_list_ids.#": "0",
                            "protocol": "tcp",
                            "security_group_id": "sg-028f8c00acfa2da1f",
                            "self": "false",
                            "source_security_group_id": "sg-0f6e3b37790451e99",
                            "to_port": "443",
                            "type": "ingress"
                        },
                        "meta": {
                            "schema_version": "2"
                        },
                        "tainted": false
                    },
                    "deposed": [],
                    "provider": "provider.aws"
                },
                "aws_security_group_rule.cluster-node-ingress-master": {
                    "type": "aws_security_group_rule",
                    "depends_on": [
                        "aws_security_group.cluster-master",
                        "aws_security_group.cluster-node"
                    ],
                    "primary": {
                        "id": "sgrule-2400670223",
                        "attributes": {
                            "cidr_blocks.#": "0",
                            "description": "Allow worker Kubelets and pods to receive communication from the cluster control plane",
                            "from_port": "1025",
                            "id": "sgrule-2400670223",
                            "ipv6_cidr_blocks.#": "0",
                            "prefix_list_ids.#": "0",
                            "protocol": "tcp",
                            "security_group_id": "sg-0f6e3b37790451e99",
                            "self": "false",
                            "source_security_group_id": "sg-028f8c00acfa2da1f",
                            "to_port": "65535",
                            "type": "ingress"
                        },
                        "meta": {
                            "schema_version": "2"
                        },
                        "tainted": false
                    },
                    "deposed": [],
                    "provider": "provider.aws"
                },
                "aws_security_group_rule.cluster-node-ingress-self": {
                    "type": "aws_security_group_rule",
                    "depends_on": [
                        "aws_security_group.cluster-node"
                    ],
                    "primary": {
                        "id": "sgrule-3198837634",
                        "attributes": {
                            "cidr_blocks.#": "0",
                            "description": "Allow node to communicate with each other",
                            "from_port": "0",
                            "id": "sgrule-3198837634",
                            "ipv6_cidr_blocks.#": "0",
                            "prefix_list_ids.#": "0",
                            "protocol": "-1",
                            "security_group_id": "sg-0f6e3b37790451e99",
                            "self": "false",
                            "source_security_group_id": "sg-0f6e3b37790451e99",
                            "to_port": "65535",
                            "type": "ingress"
                        },
                        "meta": {
                            "schema_version": "2"
                        },
                        "tainted": false
                    },
                    "deposed": [],
                    "provider": "provider.aws"
                },
                "aws_subnet.cluster.0": {
                    "type": "aws_subnet",
                    "depends_on": [
                        "aws_vpc.cluster",
                        "data.aws_availability_zones.available"
                    ],
                    "primary": {
                        "id": "subnet-0bad55d654654bf9d",
                        "attributes": {
                            "assign_ipv6_address_on_creation": "false",
                            "availability_zone": "us-west-2a",
                            "cidr_block": "10.0.0.0/24",
                            "id": "subnet-0bad55d654654bf9d",
                            "map_public_ip_on_launch": "false",
                            "tags.%": "2",
                            "tags.Name": "eks-cluster-node",
                            "tags.kubernetes.io/cluster/eks-cluster": "shared",
                            "vpc_id": "vpc-0fe40320d7f9713c2"
                        },
                        "meta": {
                            "schema_version": "1"
                        },
                        "tainted": false
                    },
                    "deposed": [],
                    "provider": "provider.aws"
                },
                "aws_subnet.cluster.1": {
                    "type": "aws_subnet",
                    "depends_on": [
                        "aws_vpc.cluster",
                        "data.aws_availability_zones.available"
                    ],
                    "primary": {
                        "id": "subnet-02fdeaed9389cec4d",
                        "attributes": {
                            "assign_ipv6_address_on_creation": "false",
                            "availability_zone": "us-west-2b",
                            "cidr_block": "10.0.1.0/24",
                            "id": "subnet-02fdeaed9389cec4d",
                            "map_public_ip_on_launch": "false",
                            "tags.%": "2",
                            "tags.Name": "eks-cluster-node",
                            "tags.kubernetes.io/cluster/eks-cluster": "shared",
                            "vpc_id": "vpc-0fe40320d7f9713c2"
                        },
                        "meta": {
                            "schema_version": "1"
                        },
                        "tainted": false
                    },
                    "deposed": [],
                    "provider": "provider.aws"
                },
                "aws_vpc.cluster": {
                    "type": "aws_vpc",
                    "depends_on": [],
                    "primary": {
                        "id": "vpc-0fe40320d7f9713c2",
                        "attributes": {
                            "arn": "arn:aws:ec2:us-west-2:105987315436:vpc/vpc-0fe40320d7f9713c2",
                            "assign_generated_ipv6_cidr_block": "false",
                            "cidr_block": "10.0.0.0/16",
                            "default_network_acl_id": "acl-00ffc5898a9e60095",
                            "default_route_table_id": "rtb-0966f0ad5ad0ca52f",
                            "default_security_group_id": "sg-00852378c591bb612",
                            "dhcp_options_id": "dopt-6755571e",
                            "enable_classiclink": "false",
                            "enable_classiclink_dns_support": "false",
                            "enable_dns_hostnames": "false",
                            "enable_dns_support": "true",
                            "id": "vpc-0fe40320d7f9713c2",
                            "instance_tenancy": "default",
                            "main_route_table_id": "rtb-0966f0ad5ad0ca52f",
                            "tags.%": "2",
                            "tags.Name": "eks-cluster-node",
                            "tags.kubernetes.io/cluster/eks-cluster": "shared"
                        },
                        "meta": {
                            "schema_version": "1"
                        },
                        "tainted": false
                    },
                    "deposed": [],
                    "provider": "provider.aws"
                },
                "data.aws_ami.node": {
                    "type": "aws_ami",
                    "depends_on": [],
                    "primary": {
                        "id": "ami-73a6e20b",
                        "attributes": {
                            "architecture": "x86_64",
                            "block_device_mappings.#": "1",
                            "block_device_mappings.3798922657.device_name": "/dev/xvda",
                            "block_device_mappings.3798922657.ebs.%": "6",
                            "block_device_mappings.3798922657.ebs.delete_on_termination": "true",
                            "block_device_mappings.3798922657.ebs.encrypted": "false",
                            "block_device_mappings.3798922657.ebs.iops": "0",
                            "block_device_mappings.3798922657.ebs.snapshot_id": "snap-01d7262bcf617a3b2",
                            "block_device_mappings.3798922657.ebs.volume_size": "20",
                            "block_device_mappings.3798922657.ebs.volume_type": "gp2",
                            "block_device_mappings.3798922657.no_device": "",
                            "block_device_mappings.3798922657.virtual_name": "",
                            "creation_date": "2018-06-04T06:02:17.000Z",
                            "description": "Kubernetes Worker AMI with AmazonLinux2 image",
                            "filter.#": "1",
                            "filter.2070637487.name": "name",
                            "filter.2070637487.values.#": "1",
                            "filter.2070637487.values.0": "eks-worker-*",
                            "hypervisor": "xen",
                            "id": "ami-73a6e20b",
                            "image_id": "ami-73a6e20b",
                            "image_location": "602401143452/eks-worker-v20",
                            "image_type": "machine",
                            "most_recent": "true",
                            "name": "eks-worker-v20",
                            "owner_id": "602401143452",
                            "owners.#": "1",
                            "owners.0": "602401143452",
                            "product_codes.#": "0",
                            "public": "true",
                            "root_device_name": "/dev/xvda",
                            "root_device_type": "ebs",
                            "root_snapshot_id": "snap-01d7262bcf617a3b2",
                            "sriov_net_support": "simple",
                            "state": "available",
                            "state_reason.%": "2",
                            "state_reason.code": "UNSET",
                            "state_reason.message": "UNSET",
                            "tags.%": "0",
                            "virtualization_type": "hvm"
                        },
                        "meta": {},
                        "tainted": false
                    },
                    "deposed": [],
                    "provider": "provider.aws"
                },
                "data.aws_availability_zones.available": {
                    "type": "aws_availability_zones",
                    "depends_on": [],
                    "primary": {
                        "id": "2018-08-03 02:33:22.89014 +0000 UTC",
                        "attributes": {
                            "id": "2018-08-03 02:33:22.89014 +0000 UTC",
                            "names.#": "3",
                            "names.0": "us-west-2a",
                            "names.1": "us-west-2b",
                            "names.2": "us-west-2c"
                        },
                        "meta": {},
                        "tainted": false
                    },
                    "deposed": [],
                    "provider": "provider.aws"
                },
                "data.aws_iam_policy_document.cluster-policy": {
                    "type": "aws_iam_policy_document",
                    "depends_on": [],
                    "primary": {
                        "id": "189502314",
                        "attributes": {
                            "id": "189502314",
                            "json": "{\n  \"Version\": \"2012-10-17\",\n  \"Statement\": [\n    {\n      \"Sid\": \"\",\n      \"Effect\": \"Allow\",\n      \"Action\": \"sts:AssumeRole\",\n      \"Principal\": {\n        \"Service\": \"eks.amazonaws.com\"\n      }\n    }\n  ]\n}",
                            "statement.#": "1",
                            "statement.0.actions.#": "1",
                            "statement.0.actions.2528466339": "sts:AssumeRole",
                            "statement.0.condition.#": "0",
                            "statement.0.effect": "Allow",
                            "statement.0.not_actions.#": "0",
                            "statement.0.not_principals.#": "0",
                            "statement.0.not_resources.#": "0",
                            "statement.0.principals.#": "1",
                            "statement.0.principals.2705940588.identifiers.#": "1",
                            "statement.0.principals.2705940588.identifiers.3220076542": "eks.amazonaws.com",
                            "statement.0.principals.2705940588.type": "Service",
                            "statement.0.resources.#": "0",
                            "statement.0.sid": ""
                        },
                        "meta": {},
                        "tainted": false
                    },
                    "deposed": [],
                    "provider": "provider.aws"
                },
                "data.aws_iam_policy_document.node-policy": {
                    "type": "aws_iam_policy_document",
                    "depends_on": [],
                    "primary": {
                        "id": "1903849331",
                        "attributes": {
                            "id": "1903849331",
                            "json": "{\n  \"Version\": \"2012-10-17\",\n  \"Statement\": [\n    {\n      \"Sid\": \"\",\n      \"Effect\": \"Allow\",\n      \"Action\": \"sts:AssumeRole\",\n      \"Principal\": {\n        \"Service\": \"ec2.amazonaws.com\"\n      }\n    }\n  ]\n}",
                            "statement.#": "1",
                            "statement.0.actions.#": "1",
                            "statement.0.actions.2528466339": "sts:AssumeRole",
                            "statement.0.condition.#": "0",
                            "statement.0.effect": "Allow",
                            "statement.0.not_actions.#": "0",
                            "statement.0.not_principals.#": "0",
                            "statement.0.not_resources.#": "0",
                            "statement.0.principals.#": "1",
                            "statement.0.principals.1134724139.identifiers.#": "1",
                            "statement.0.principals.1134724139.identifiers.3655884555": "ec2.amazonaws.com",
                            "statement.0.principals.1134724139.type": "Service",
                            "statement.0.resources.#": "0",
                            "statement.0.sid": ""
                        },
                        "meta": {},
                        "tainted": false
                    },
                    "deposed": [],
                    "provider": "provider.aws"
                }
            },
            "depends_on": []
        }
    ]
}
